// !$*UTF8*$!
{
	archiveVersion = 1;
	classes = {
	};
	objectVersion = 46;
	objects = {

/* Begin PBXBuildFile section */
		007A1450187E5BDA00E536CE /* Catalog.m in Sources */ = {isa = PBXBuildFile; fileRef = 007A144F187E5BDA00E536CE /* Catalog.m */; };
		007A1453187E6F2400E536CE /* Cart.m in Sources */ = {isa = PBXBuildFile; fileRef = 007A1452187E6F2400E536CE /* Cart.m */; };
		007A1459187E728200E536CE /* CartItem.m in Sources */ = {isa = PBXBuildFile; fileRef = 007A1458187E728200E536CE /* CartItem.m */; };
		007A145F187E743E00E536CE /* CartCell.m in Sources */ = {isa = PBXBuildFile; fileRef = 007A145E187E743E00E536CE /* CartCell.m */; };
		007A1466187E949B00E536CE /* minus.png in Resources */ = {isa = PBXBuildFile; fileRef = 007A1464187E949B00E536CE /* minus.png */; };
		007A1467187E949B00E536CE /* plus.png in Resources */ = {isa = PBXBuildFile; fileRef = 007A1465187E949B00E536CE /* plus.png */; };
		F81D5511187BEA1C0036AFA8 /* Foundation.framework in Frameworks */ = {isa = PBXBuildFile; fileRef = F81D5510187BEA1C0036AFA8 /* Foundation.framework */; };
		F81D5513187BEA1C0036AFA8 /* CoreGraphics.framework in Frameworks */ = {isa = PBXBuildFile; fileRef = F81D5512187BEA1C0036AFA8 /* CoreGraphics.framework */; };
		F81D5515187BEA1C0036AFA8 /* UIKit.framework in Frameworks */ = {isa = PBXBuildFile; fileRef = F81D5514187BEA1C0036AFA8 /* UIKit.framework */; };
		F81D551B187BEA1C0036AFA8 /* InfoPlist.strings in Resources */ = {isa = PBXBuildFile; fileRef = F81D5519187BEA1C0036AFA8 /* InfoPlist.strings */; };
		F81D551D187BEA1C0036AFA8 /* main.m in Sources */ = {isa = PBXBuildFile; fileRef = F81D551C187BEA1C0036AFA8 /* main.m */; };
		F81D5521187BEA1C0036AFA8 /* AppDelegate.m in Sources */ = {isa = PBXBuildFile; fileRef = F81D5520187BEA1C0036AFA8 /* AppDelegate.m */; };
		F81D5524187BEA1C0036AFA8 /* Main.storyboard in Resources */ = {isa = PBXBuildFile; fileRef = F81D5522187BEA1C0036AFA8 /* Main.storyboard */; };
		F81D5527187BEA1C0036AFA8 /* ViewController.m in Sources */ = {isa = PBXBuildFile; fileRef = F81D5526187BEA1C0036AFA8 /* ViewController.m */; };
		F81D5529187BEA1C0036AFA8 /* Images.xcassets in Resources */ = {isa = PBXBuildFile; fileRef = F81D5528187BEA1C0036AFA8 /* Images.xcassets */; };
		F81D5530187BEA1C0036AFA8 /* XCTest.framework in Frameworks */ = {isa = PBXBuildFile; fileRef = F81D552F187BEA1C0036AFA8 /* XCTest.framework */; };
		F81D5531187BEA1C0036AFA8 /* Foundation.framework in Frameworks */ = {isa = PBXBuildFile; fileRef = F81D5510187BEA1C0036AFA8 /* Foundation.framework */; };
		F81D5532187BEA1C0036AFA8 /* UIKit.framework in Frameworks */ = {isa = PBXBuildFile; fileRef = F81D5514187BEA1C0036AFA8 /* UIKit.framework */; };
		F81D553A187BEA1C0036AFA8 /* InfoPlist.strings in Resources */ = {isa = PBXBuildFile; fileRef = F81D5538187BEA1C0036AFA8 /* InfoPlist.strings */; };
		F81D553C187BEA1C0036AFA8 /* CustomCellTestTests.m in Sources */ = {isa = PBXBuildFile; fileRef = F81D553B187BEA1C0036AFA8 /* CustomCellTestTests.m */; };
		F81D558E187BF6B80036AFA8 /* volleyball.png in Resources */ = {isa = PBXBuildFile; fileRef = F81D5589187BF6B80036AFA8 /* volleyball.png */; };
		F81D558F187BF6B80036AFA8 /* rugbyball.png in Resources */ = {isa = PBXBuildFile; fileRef = F81D558A187BF6B80036AFA8 /* rugbyball.png */; };
		F81D5591187BF6B80036AFA8 /* basketball.png in Resources */ = {isa = PBXBuildFile; fileRef = F81D558C187BF6B80036AFA8 /* basketball.png */; };
		F81D5592187BF6B80036AFA8 /* football.png in Resources */ = {isa = PBXBuildFile; fileRef = F81D558D187BF6B80036AFA8 /* football.png */; };
		F81D5595187BF7CB0036AFA8 /* Product.m in Sources */ = {isa = PBXBuildFile; fileRef = F81D5594187BF7CB0036AFA8 /* Product.m */; };
		F81D5598187BF8930036AFA8 /* ProductCell.m in Sources */ = {isa = PBXBuildFile; fileRef = F81D5597187BF8930036AFA8 /* ProductCell.m */; };
		F81D559C187BFE640036AFA8 /* baseball.png in Resources */ = {isa = PBXBuildFile; fileRef = F81D559B187BFE640036AFA8 /* baseball.png */; };
		F81D55B3187C09CB0036AFA8 /* cart.png in Resources */ = {isa = PBXBuildFile; fileRef = F81D55B2187C09CB0036AFA8 /* cart.png */; };
/* End PBXBuildFile section */

/* Begin PBXContainerItemProxy section */
		F81D5533187BEA1C0036AFA8 /* PBXContainerItemProxy */ = {
			isa = PBXContainerItemProxy;
			containerPortal = F81D5505187BEA1C0036AFA8 /* Project object */;
			proxyType = 1;
			remoteGlobalIDString = F81D550C187BEA1C0036AFA8;
			remoteInfo = CustomCellTest;
		};
/* End PBXContainerItemProxy section */

/* Begin PBXFileReference section */
		007A144E187E5BDA00E536CE /* Catalog.h */ = {isa = PBXFileReference; fileEncoding = 4; lastKnownFileType = sourcecode.c.h; path = Catalog.h; sourceTree = "<group>"; };
		007A144F187E5BDA00E536CE /* Catalog.m */ = {isa = PBXFileReference; fileEncoding = 4; lastKnownFileType = sourcecode.c.objc; path = Catalog.m; sourceTree = "<group>"; };
		007A1451187E6F2400E536CE /* Cart.h */ = {isa = PBXFileReference; fileEncoding = 4; lastKnownFileType = sourcecode.c.h; path = Cart.h; sourceTree = "<group>"; };
		007A1452187E6F2400E536CE /* Cart.m */ = {isa = PBXFileReference; fileEncoding = 4; lastKnownFileType = sourcecode.c.objc; path = Cart.m; sourceTree = "<group>"; };
		007A1457187E728200E536CE /* CartItem.h */ = {isa = PBXFileReference; fileEncoding = 4; lastKnownFileType = sourcecode.c.h; path = CartItem.h; sourceTree = "<group>"; };
		007A1458187E728200E536CE /* CartItem.m */ = {isa = PBXFileReference; fileEncoding = 4; lastKnownFileType = sourcecode.c.objc; path = CartItem.m; sourceTree = "<group>"; };
		007A145D187E743E00E536CE /* CartCell.h */ = {isa = PBXFileReference; fileEncoding = 4; lastKnownFileType = sourcecode.c.h; path = CartCell.h; sourceTree = "<group>"; };
		007A145E187E743E00E536CE /* CartCell.m */ = {isa = PBXFileReference; fileEncoding = 4; lastKnownFileType = sourcecode.c.objc; path = CartCell.m; sourceTree = "<group>"; };
		007A1464187E949B00E536CE /* minus.png */ = {isa = PBXFileReference; lastKnownFileType = image.png; path = minus.png; sourceTree = "<group>"; };
		007A1465187E949B00E536CE /* plus.png */ = {isa = PBXFileReference; lastKnownFileType = image.png; path = plus.png; sourceTree = "<group>"; };
		F81D550D187BEA1C0036AFA8 /* CustomCellTest.app */ = {isa = PBXFileReference; explicitFileType = wrapper.application; includeInIndex = 0; path = CustomCellTest.app; sourceTree = BUILT_PRODUCTS_DIR; };
		F81D5510187BEA1C0036AFA8 /* Foundation.framework */ = {isa = PBXFileReference; lastKnownFileType = wrapper.framework; name = Foundation.framework; path = System/Library/Frameworks/Foundation.framework; sourceTree = SDKROOT; };
		F81D5512187BEA1C0036AFA8 /* CoreGraphics.framework */ = {isa = PBXFileReference; lastKnownFileType = wrapper.framework; name = CoreGraphics.framework; path = System/Library/Frameworks/CoreGraphics.framework; sourceTree = SDKROOT; };
		F81D5514187BEA1C0036AFA8 /* UIKit.framework */ = {isa = PBXFileReference; lastKnownFileType = wrapper.framework; name = UIKit.framework; path = System/Library/Frameworks/UIKit.framework; sourceTree = SDKROOT; };
		F81D5518187BEA1C0036AFA8 /* CustomCellTest-Info.plist */ = {isa = PBXFileReference; lastKnownFileType = text.plist.xml; path = "CustomCellTest-Info.plist"; sourceTree = "<group>"; };
		F81D551A187BEA1C0036AFA8 /* en */ = {isa = PBXFileReference; lastKnownFileType = text.plist.strings; name = en; path = en.lproj/InfoPlist.strings; sourceTree = "<group>"; };
		F81D551C187BEA1C0036AFA8 /* main.m */ = {isa = PBXFileReference; lastKnownFileType = sourcecode.c.objc; path = main.m; sourceTree = "<group>"; };
		F81D551E187BEA1C0036AFA8 /* CustomCellTest-Prefix.pch */ = {isa = PBXFileReference; lastKnownFileType = sourcecode.c.h; path = "CustomCellTest-Prefix.pch"; sourceTree = "<group>"; };
		F81D551F187BEA1C0036AFA8 /* AppDelegate.h */ = {isa = PBXFileReference; lastKnownFileType = sourcecode.c.h; path = AppDelegate.h; sourceTree = "<group>"; };
		F81D5520187BEA1C0036AFA8 /* AppDelegate.m */ = {isa = PBXFileReference; lastKnownFileType = sourcecode.c.objc; path = AppDelegate.m; sourceTree = "<group>"; };
		F81D5523187BEA1C0036AFA8 /* Base */ = {isa = PBXFileReference; lastKnownFileType = file.storyboard; name = Base; path = Base.lproj/Main.storyboard; sourceTree = "<group>"; };
		F81D5525187BEA1C0036AFA8 /* ViewController.h */ = {isa = PBXFileReference; lastKnownFileType = sourcecode.c.h; path = ViewController.h; sourceTree = "<group>"; };
		F81D5526187BEA1C0036AFA8 /* ViewController.m */ = {isa = PBXFileReference; lastKnownFileType = sourcecode.c.objc; path = ViewController.m; sourceTree = "<group>"; };
		F81D5528187BEA1C0036AFA8 /* Images.xcassets */ = {isa = PBXFileReference; lastKnownFileType = folder.assetcatalog; path = Images.xcassets; sourceTree = "<group>"; };
		F81D552E187BEA1C0036AFA8 /* CustomCellTestTests.xctest */ = {isa = PBXFileReference; explicitFileType = wrapper.cfbundle; includeInIndex = 0; path = CustomCellTestTests.xctest; sourceTree = BUILT_PRODUCTS_DIR; };
		F81D552F187BEA1C0036AFA8 /* XCTest.framework */ = {isa = PBXFileReference; lastKnownFileType = wrapper.framework; name = XCTest.framework; path = Library/Frameworks/XCTest.framework; sourceTree = DEVELOPER_DIR; };
		F81D5537187BEA1C0036AFA8 /* CustomCellTestTests-Info.plist */ = {isa = PBXFileReference; lastKnownFileType = text.plist.xml; path = "CustomCellTestTests-Info.plist"; sourceTree = "<group>"; };
		F81D5539187BEA1C0036AFA8 /* en */ = {isa = PBXFileReference; lastKnownFileType = text.plist.strings; name = en; path = en.lproj/InfoPlist.strings; sourceTree = "<group>"; };
		F81D553B187BEA1C0036AFA8 /* CustomCellTestTests.m */ = {isa = PBXFileReference; lastKnownFileType = sourcecode.c.objc; path = CustomCellTestTests.m; sourceTree = "<group>"; };
		F81D5589187BF6B80036AFA8 /* volleyball.png */ = {isa = PBXFileReference; lastKnownFileType = image.png; path = volleyball.png; sourceTree = "<group>"; };
		F81D558A187BF6B80036AFA8 /* rugbyball.png */ = {isa = PBXFileReference; lastKnownFileType = image.png; path = rugbyball.png; sourceTree = "<group>"; };
		F81D558C187BF6B80036AFA8 /* basketball.png */ = {isa = PBXFileReference; lastKnownFileType = image.png; path = basketball.png; sourceTree = "<group>"; };
		F81D558D187BF6B80036AFA8 /* football.png */ = {isa = PBXFileReference; lastKnownFileType = image.png; path = football.png; sourceTree = "<group>"; };
		F81D5593187BF7CB0036AFA8 /* Product.h */ = {isa = PBXFileReference; fileEncoding = 4; lastKnownFileType = sourcecode.c.h; path = Product.h; sourceTree = "<group>"; };
		F81D5594187BF7CB0036AFA8 /* Product.m */ = {isa = PBXFileReference; fileEncoding = 4; lastKnownFileType = sourcecode.c.objc; path = Product.m; sourceTree = "<group>"; };
		F81D5596187BF8930036AFA8 /* ProductCell.h */ = {isa = PBXFileReference; fileEncoding = 4; lastKnownFileType = sourcecode.c.h; path = ProductCell.h; sourceTree = "<group>"; };
		F81D5597187BF8930036AFA8 /* ProductCell.m */ = {isa = PBXFileReference; fileEncoding = 4; lastKnownFileType = sourcecode.c.objc; path = ProductCell.m; sourceTree = "<group>"; };
		F81D559B187BFE640036AFA8 /* baseball.png */ = {isa = PBXFileReference; lastKnownFileType = image.png; path = baseball.png; sourceTree = "<group>"; };
		F81D55AF187C04230036AFA8 /* CartDelegate.h */ = {isa = PBXFileReference; lastKnownFileType = sourcecode.c.h; path = CartDelegate.h; sourceTree = "<group>"; };
		F81D55B2187C09CB0036AFA8 /* cart.png */ = {isa = PBXFileReference; lastKnownFileType = image.png; path = cart.png; sourceTree = "<group>"; };
/* End PBXFileReference section */

/* Begin PBXFrameworksBuildPhase section */
		F81D550A187BEA1C0036AFA8 /* Frameworks */ = {
			isa = PBXFrameworksBuildPhase;
			buildActionMask = 2147483647;
			files = (
				F81D5513187BEA1C0036AFA8 /* CoreGraphics.framework in Frameworks */,
				F81D5515187BEA1C0036AFA8 /* UIKit.framework in Frameworks */,
				F81D5511187BEA1C0036AFA8 /* Foundation.framework in Frameworks */,
			);
			runOnlyForDeploymentPostprocessing = 0;
		};
		F81D552B187BEA1C0036AFA8 /* Frameworks */ = {
			isa = PBXFrameworksBuildPhase;
			buildActionMask = 2147483647;
			files = (
				F81D5530187BEA1C0036AFA8 /* XCTest.framework in Frameworks */,
				F81D5532187BEA1C0036AFA8 /* UIKit.framework in Frameworks */,
				F81D5531187BEA1C0036AFA8 /* Foundation.framework in Frameworks */,
			);
			runOnlyForDeploymentPostprocessing = 0;
		};
/* End PBXFrameworksBuildPhase section */

/* Begin PBXGroup section */
		F81D5504187BEA1C0036AFA8 = {
			isa = PBXGroup;
			children = (
				F81D5516187BEA1C0036AFA8 /* CustomCellTest */,
				F81D5535187BEA1C0036AFA8 /* CustomCellTestTests */,
				F81D550F187BEA1C0036AFA8 /* Frameworks */,
				F81D550E187BEA1C0036AFA8 /* Products */,
			);
			sourceTree = "<group>";
		};
		F81D550E187BEA1C0036AFA8 /* Products */ = {
			isa = PBXGroup;
			children = (
				F81D550D187BEA1C0036AFA8 /* CustomCellTest.app */,
				F81D552E187BEA1C0036AFA8 /* CustomCellTestTests.xctest */,
			);
			name = Products;
			sourceTree = "<group>";
		};
		F81D550F187BEA1C0036AFA8 /* Frameworks */ = {
			isa = PBXGroup;
			children = (
				F81D5510187BEA1C0036AFA8 /* Foundation.framework */,
				F81D5512187BEA1C0036AFA8 /* CoreGraphics.framework */,
				F81D5514187BEA1C0036AFA8 /* UIKit.framework */,
				F81D552F187BEA1C0036AFA8 /* XCTest.framework */,
			);
			name = Frameworks;
			sourceTree = "<group>";
		};
		F81D5516187BEA1C0036AFA8 /* CustomCellTest */ = {
			isa = PBXGroup;
			children = (
				007A1464187E949B00E536CE /* minus.png */,
				007A1465187E949B00E536CE /* plus.png */,
				F81D55B2187C09CB0036AFA8 /* cart.png */,
				F81D559B187BFE640036AFA8 /* baseball.png */,
				F81D5589187BF6B80036AFA8 /* volleyball.png */,
				F81D558A187BF6B80036AFA8 /* rugbyball.png */,
				F81D558C187BF6B80036AFA8 /* basketball.png */,
				F81D558D187BF6B80036AFA8 /* football.png */,
				007A144E187E5BDA00E536CE /* Catalog.h */,
				007A144F187E5BDA00E536CE /* Catalog.m */,
				F81D5593187BF7CB0036AFA8 /* Product.h */,
				F81D5594187BF7CB0036AFA8 /* Product.m */,
				F81D5596187BF8930036AFA8 /* ProductCell.h */,
				F81D5597187BF8930036AFA8 /* ProductCell.m */,
				F81D55AF187C04230036AFA8 /* CartDelegate.h */,
				F81D551F187BEA1C0036AFA8 /* AppDelegate.h */,
				F81D5520187BEA1C0036AFA8 /* AppDelegate.m */,
				F81D5522187BEA1C0036AFA8 /* Main.storyboard */,
				F81D5525187BEA1C0036AFA8 /* ViewController.h */,
				F81D5526187BEA1C0036AFA8 /* ViewController.m */,
				F81D5528187BEA1C0036AFA8 /* Images.xcassets */,
				F81D5517187BEA1C0036AFA8 /* Supporting Files */,
				007A1451187E6F2400E536CE /* Cart.h */,
				007A1452187E6F2400E536CE /* Cart.m */,
				007A1457187E728200E536CE /* CartItem.h */,
				007A1458187E728200E536CE /* CartItem.m */,
				007A145D187E743E00E536CE /* CartCell.h */,
				007A145E187E743E00E536CE /* CartCell.m */,
			);
			path = CustomCellTest;
			sourceTree = "<group>";
		};
		F81D5517187BEA1C0036AFA8 /* Supporting Files */ = {
			isa = PBXGroup;
			children = (
				F81D5518187BEA1C0036AFA8 /* CustomCellTest-Info.plist */,
				F81D5519187BEA1C0036AFA8 /* InfoPlist.strings */,
				F81D551C187BEA1C0036AFA8 /* main.m */,
				F81D551E187BEA1C0036AFA8 /* CustomCellTest-Prefix.pch */,
			);
			name = "Supporting Files";
			sourceTree = "<group>";
		};
		F81D5535187BEA1C0036AFA8 /* CustomCellTestTests */ = {
			isa = PBXGroup;
			children = (
				F81D553B187BEA1C0036AFA8 /* CustomCellTestTests.m */,
				F81D5536187BEA1C0036AFA8 /* Supporting Files */,
			);
			path = CustomCellTestTests;
			sourceTree = "<group>";
		};
		F81D5536187BEA1C0036AFA8 /* Supporting Files */ = {
			isa = PBXGroup;
			children = (
				F81D5537187BEA1C0036AFA8 /* CustomCellTestTests-Info.plist */,
				F81D5538187BEA1C0036AFA8 /* InfoPlist.strings */,
			);
			name = "Supporting Files";
			sourceTree = "<group>";
		};
/* End PBXGroup section */

/* Begin PBXNativeTarget section */
		F81D550C187BEA1C0036AFA8 /* CustomCellTest */ = {
			isa = PBXNativeTarget;
			buildConfigurationList = F81D553F187BEA1C0036AFA8 /* Build configuration list for PBXNativeTarget "CustomCellTest" */;
			buildPhases = (
				F81D5509187BEA1C0036AFA8 /* Sources */,
				F81D550A187BEA1C0036AFA8 /* Frameworks */,
				F81D550B187BEA1C0036AFA8 /* Resources */,
			);
			buildRules = (
			);
			dependencies = (
			);
			name = CustomCellTest;
			productName = CustomCellTest;
			productReference = F81D550D187BEA1C0036AFA8 /* CustomCellTest.app */;
			productType = "com.apple.product-type.application";
		};
		F81D552D187BEA1C0036AFA8 /* CustomCellTestTests */ = {
			isa = PBXNativeTarget;
			buildConfigurationList = F81D5542187BEA1C0036AFA8 /* Build configuration list for PBXNativeTarget "CustomCellTestTests" */;
			buildPhases = (
				F81D552A187BEA1C0036AFA8 /* Sources */,
				F81D552B187BEA1C0036AFA8 /* Frameworks */,
				F81D552C187BEA1C0036AFA8 /* Resources */,
			);
			buildRules = (
			);
			dependencies = (
				F81D5534187BEA1C0036AFA8 /* PBXTargetDependency */,
			);
			name = CustomCellTestTests;
			productName = CustomCellTestTests;
			productReference = F81D552E187BEA1C0036AFA8 /* CustomCellTestTests.xctest */;
			productType = "com.apple.product-type.bundle.unit-test";
		};
/* End PBXNativeTarget section */

/* Begin PBXProject section */
		F81D5505187BEA1C0036AFA8 /* Project object */ = {
			isa = PBXProject;
			attributes = {
				LastUpgradeCheck = 0500;
				ORGANIZATIONNAME = "In Chung Yeul";
				TargetAttributes = {
					F81D552D187BEA1C0036AFA8 = {
						TestTargetID = F81D550C187BEA1C0036AFA8;
					};
				};
			};
			buildConfigurationList = F81D5508187BEA1C0036AFA8 /* Build configuration list for PBXProject "CustomCellTest" */;
			compatibilityVersion = "Xcode 3.2";
			developmentRegion = English;
			hasScannedForEncodings = 0;
			knownRegions = (
				en,
				Base,
			);
			mainGroup = F81D5504187BEA1C0036AFA8;
			productRefGroup = F81D550E187BEA1C0036AFA8 /* Products */;
			projectDirPath = "";
			projectRoot = "";
			targets = (
				F81D550C187BEA1C0036AFA8 /* CustomCellTest */,
				F81D552D187BEA1C0036AFA8 /* CustomCellTestTests */,
			);
		};
/* End PBXProject section */

/* Begin PBXResourcesBuildPhase section */
		F81D550B187BEA1C0036AFA8 /* Resources */ = {
			isa = PBXResourcesBuildPhase;
			buildActionMask = 2147483647;
			files = (
				F81D5529187BEA1C0036AFA8 /* Images.xcassets in Resources */,
				F81D551B187BEA1C0036AFA8 /* InfoPlist.strings in Resources */,
				F81D55B3187C09CB0036AFA8 /* cart.png in Resources */,
				F81D5592187BF6B80036AFA8 /* football.png in Resources */,
				F81D558F187BF6B80036AFA8 /* rugbyball.png in Resources */,
				F81D5591187BF6B80036AFA8 /* basketball.png in Resources */,
				F81D559C187BFE640036AFA8 /* baseball.png in Resources */,
				F81D5524187BEA1C0036AFA8 /* Main.storyboard in Resources */,
				007A1467187E949B00E536CE /* plus.png in Resources */,
				007A1466187E949B00E536CE /* minus.png in Resources */,
				F81D558E187BF6B80036AFA8 /* volleyball.png in Resources */,
			);
			runOnlyForDeploymentPostprocessing = 0;
		};
		F81D552C187BEA1C0036AFA8 /* Resources */ = {
			isa = PBXResourcesBuildPhase;
			buildActionMask = 2147483647;
			files = (
				F81D553A187BEA1C0036AFA8 /* InfoPlist.strings in Resources */,
			);
			runOnlyForDeploymentPostprocessing = 0;
		};
/* End PBXResourcesBuildPhase section */

/* Begin PBXSourcesBuildPhase section */
		F81D5509187BEA1C0036AFA8 /* Sources */ = {
			isa = PBXSourcesBuildPhase;
			buildActionMask = 2147483647;
			files = (
				007A145F187E743E00E536CE /* CartCell.m in Sources */,
				007A1453187E6F2400E536CE /* Cart.m in Sources */,
				F81D5598187BF8930036AFA8 /* ProductCell.m in Sources */,
				F81D5527187BEA1C0036AFA8 /* ViewController.m in Sources */,
				F81D5595187BF7CB0036AFA8 /* Product.m in Sources */,
				F81D5521187BEA1C0036AFA8 /* AppDelegate.m in Sources */,
				F81D551D187BEA1C0036AFA8 /* main.m in Sources */,
				007A1459187E728200E536CE /* CartItem.m in Sources */,
				007A1450187E5BDA00E536CE /* Catalog.m in Sources */,
			);
			runOnlyForDeploymentPostprocessing = 0;
		};
		F81D552A187BEA1C0036AFA8 /* Sources */ = {
			isa = PBXSourcesBuildPhase;
			buildActionMask = 2147483647;
			files = (
				F81D553C187BEA1C0036AFA8 /* CustomCellTestTests.m in Sources */,
			);
			runOnlyForDeploymentPostprocessing = 0;
		};
/* End PBXSourcesBuildPhase section */

/* Begin PBXTargetDependency section */
		F81D5534187BEA1C0036AFA8 /* PBXTargetDependency */ = {
			isa = PBXTargetDependency;
			target = F81D550C187BEA1C0036AFA8 /* CustomCellTest */;
			targetProxy = F81D5533187BEA1C0036AFA8 /* PBXContainerItemProxy */;
		};
/* End PBXTargetDependency section */

/* Begin PBXVariantGroup section */
		F81D5519187BEA1C0036AFA8 /* InfoPlist.strings */ = {
			isa = PBXVariantGroup;
			children = (
				F81D551A187BEA1C0036AFA8 /* en */,
			);
			name = InfoPlist.strings;
			sourceTree = "<group>";
		};
		F81D5522187BEA1C0036AFA8 /* Main.storyboard */ = {
			isa = PBXVariantGroup;
			children = (
				F81D5523187BEA1C0036AFA8 /* Base */,
			);
			name = Main.storyboard;
			sourceTree = "<group>";
		};
		F81D5538187BEA1C0036AFA8 /* InfoPlist.strings */ = {
			isa = PBXVariantGroup;
			children = (
				F81D5539187BEA1C0036AFA8 /* en */,
			);
			name = InfoPlist.strings;
			sourceTree = "<group>";
		};
/* End PBXVariantGroup section */

/* Begin XCBuildConfiguration section */
		F81D553D187BEA1C0036AFA8 /* Debug */ = {
			isa = XCBuildConfiguration;
			buildSettings = {
				ALWAYS_SEARCH_USER_PATHS = NO;
				ARCHS = "$(ARCHS_STANDARD_INCLUDING_64_BIT)";
				CLANG_CXX_LANGUAGE_STANDARD = "gnu++0x";
				CLANG_CXX_LIBRARY = "libc++";
				CLANG_ENABLE_MODULES = YES;
				CLANG_ENABLE_OBJC_ARC = YES;
				CLANG_WARN_BOOL_CONVERSION = YES;
				CLANG_WARN_CONSTANT_CONVERSION = YES;
				CLANG_WARN_DIRECT_OBJC_ISA_USAGE = YES_ERROR;
				CLANG_WARN_EMPTY_BODY = YES;
				CLANG_WARN_ENUM_CONVERSION = YES;
				CLANG_WARN_INT_CONVERSION = YES;
				CLANG_WARN_OBJC_ROOT_CLASS = YES_ERROR;
				CLANG_WARN__DUPLICATE_METHOD_MATCH = YES;
				"CODE_SIGN_IDENTITY[sdk=iphoneos*]" = "iPhone Developer";
				COPY_PHASE_STRIP = NO;
				GCC_C_LANGUAGE_STANDARD = gnu99;
				GCC_DYNAMIC_NO_PIC = NO;
				GCC_OPTIMIZATION_LEVEL = 0;
				GCC_PREPROCESSOR_DEFINITIONS = (
					"DEBUG=1",
					"$(inherited)",
				);
				GCC_SYMBOLS_PRIVATE_EXTERN = NO;
				GCC_WARN_64_TO_32_BIT_CONVERSION = YES;
				GCC_WARN_ABOUT_RETURN_TYPE = YES_ERROR;
				GCC_WARN_UNDECLARED_SELECTOR = YES;
				GCC_WARN_UNINITIALIZED_AUTOS = YES;
				GCC_WARN_UNUSED_FUNCTION = YES;
				GCC_WARN_UNUSED_VARIABLE = YES;
				IPHONEOS_DEPLOYMENT_TARGET = 7.0;
				ONLY_ACTIVE_ARCH = YES;
				SDKROOT = iphoneos;
			};
			name = Debug;
		};
		F81D553E187BEA1C0036AFA8 /* Release */ = {
			isa = XCBuildConfiguration;
			buildSettings = {
				ALWAYS_SEARCH_USER_PATHS = NO;
				ARCHS = "$(ARCHS_STANDARD_INCLUDING_64_BIT)";
				CLANG_CXX_LANGUAGE_STANDARD = "gnu++0x";
				CLANG_CXX_LIBRARY = "libc++";
				CLANG_ENABLE_MODULES = YES;
				CLANG_ENABLE_OBJC_ARC = YES;
				CLANG_WARN_BOOL_CONVERSION = YES;
				CLANG_WARN_CONSTANT_CONVERSION = YES;
				CLANG_WARN_DIRECT_OBJC_ISA_USAGE = YES_ERROR;
				CLANG_WARN_EMPTY_BODY = YES;
				CLANG_WARN_ENUM_CONVERSION = YES;
				CLANG_WARN_INT_CONVERSION = YES;
				CLANG_WARN_OBJC_ROOT_CLASS = YES_ERROR;
				CLANG_WARN__DUPLICATE_METHOD_MATCH = YES;
				"CODE_SIGN_IDENTITY[sdk=iphoneos*]" = "iPhone Developer";
				COPY_PHASE_STRIP = YES;
				ENABLE_NS_ASSERTIONS = NO;
				GCC_C_LANGUAGE_STANDARD = gnu99;
				GCC_WARN_64_TO_32_BIT_CONVERSION = YES;
				GCC_WARN_ABOUT_RETURN_TYPE = YES_ERROR;
				GCC_WARN_UNDECLARED_SELECTOR = YES;
				GCC_WARN_UNINITIALIZED_AUTOS = YES;
				GCC_WARN_UNUSED_FUNCTION = YES;
				GCC_WARN_UNUSED_VARIABLE = YES;
				IPHONEOS_DEPLOYMENT_TARGET = 7.0;
				SDKROOT = iphoneos;
				VALIDATE_PRODUCT = YES;
			};
			name = Release;
		};
		F81D5540187BEA1C0036AFA8 /* Debug */ = {
			isa = XCBuildConfiguration;
			buildSettings = {
				ASSETCATALOG_COMPILER_APPICON_NAME = AppIcon;
				ASSETCATALOG_COMPILER_LAUNCHIMAGE_NAME = LaunchImage;
				GCC_PRECOMPILE_PREFIX_HEADER = YES;
				GCC_PREFIX_HEADER = "CustomCellTest/CustomCellTest-Prefix.pch";
				INFOPLIST_FILE = "CustomCellTest/CustomCellTest-Info.plist";
				PRODUCT_NAME = "$(TARGET_NAME)";
				WRAPPER_EXTENSION = app;
			};
			name = Debug;
		};
		F81D5541187BEA1C0036AFA8 /* Release */ = {
			isa = XCBuildConfiguration;
			buildSettings = {
				ASSETCATALOG_COMPILER_APPICON_NAME = AppIcon;
				ASSETCATALOG_COMPILER_LAUNCHIMAGE_NAME = LaunchImage;
				GCC_PRECOMPILE_PREFIX_HEADER = YES;
				GCC_PREFIX_HEADER = "CustomCellTest/CustomCellTest-Prefix.pch";
				INFOPLIST_FILE = "CustomCellTest/CustomCellTest-Info.plist";
				PRODUCT_NAME = "$(TARGET_NAME)";
				WRAPPER_EXTENSION = app;
			};
			name = Release;
		};
		F81D5543187BEA1C0036AFA8 /* Debug */ = {
			isa = XCBuildConfiguration;
			buildSettings = {
				ARCHS = "$(ARCHS_STANDARD_INCLUDING_64_BIT)";
				BUNDLE_LOADER = "$(BUILT_PRODUCTS_DIR)/CustomCellTest.app/CustomCellTest";
				FRAMEWORK_SEARCH_PATHS = (
					"$(SDKROOT)/Developer/Library/Frameworks",
					"$(inherited)",
					"$(DEVELOPER_FRAMEWORKS_DIR)",
				);
				GCC_PRECOMPILE_PREFIX_HEADER = YES;
				GCC_PREFIX_HEADER = "CustomCellTest/CustomCellTest-Prefix.pch";
				GCC_PREPROCESSOR_DEFINITIONS = (
					"DEBUG=1",
					"$(inherited)",
				);
				INFOPLIST_FILE = "CustomCellTestTests/CustomCellTestTests-Info.plist";
				PRODUCT_NAME = "$(TARGET_NAME)";
				TEST_HOST = "$(BUNDLE_LOADER)";
				WRAPPER_EXTENSION = xctest;
			};
			name = Debug;
		};
		F81D5544187BEA1C0036AFA8 /* Release */ = {
			isa = XCBuildConfiguration;
			buildSettings = {
				ARCHS = "$(ARCHS_STANDARD_INCLUDING_64_BIT)";
				BUNDLE_LOADER = "$(BUILT_PRODUCTS_DIR)/CustomCellTest.app/CustomCellTest";
				FRAMEWORK_SEARCH_PATHS = (
					"$(SDKROOT)/Developer/Library/Frameworks",
					"$(inherited)",
					"$(DEVELOPER_FRAMEWORKS_DIR)",
				);
				GCC_PRECOMPILE_PREFIX_HEADER = YES;
				GCC_PREFIX_HEADER = "CustomCellTest/CustomCellTest-Prefix.pch";
				INFOPLIST_FILE = "CustomCellTestTests/CustomCellTestTests-Info.plist";
				PRODUCT_NAME = "$(TARGET_NAME)";
				TEST_HOST = "$(BUNDLE_LOADER)";
				WRAPPER_EXTENSION = xctest;
			};
			name = Release;
		};
/* End XCBuildConfiguration section */

/* Begin XCConfigurationList section */
		F81D5508187BEA1C0036AFA8 /* Build configuration list for PBXProject "CustomCellTest" */ = {
			isa = XCConfigurationList;
			buildConfigurations = (
				F81D553D187BEA1C0036AFA8 /* Debug */,
				F81D553E187BEA1C0036AFA8 /* Release */,
			);
			defaultConfigurationIsVisible = 0;
			defaultConfigurationName = Release;
		};
		F81D553F187BEA1C0036AFA8 /* Build configuration list for PBXNativeTarget "CustomCellTest" */ = {
			isa = XCConfigurationList;
			buildConfigurations = (
				F81D5540187BEA1C0036AFA8 /* Debug */,
				F81D5541187BEA1C0036AFA8 /* Release */,
			);
			defaultConfigurationIsVisible = 0;
			defaultConfigurationName = Release;
		};
		F81D5542187BEA1C0036AFA8 /* Build configuration list for PBXNativeTarget "CustomCellTestTests" */ = {
			isa = XCConfigurationList;
			buildConfigurations = (
				F81D5543187BEA1C0036AFA8 /* Debug */,
				F81D5544187BEA1C0036AFA8 /* Release */,
			);
			defaultConfigurationIsVisible = 0;
			defaultConfigurationName = Release;
		};
/* End XCConfigurationList section */
	};
	rootObject = F81D5505187BEA1C0036AFA8 /* Project object */;
}
